
Microsoft Visual Studio Solution File, Format Version 12.00
# Visual Studio Version 16
VisualStudioVersion = 16.0.28729.10
MinimumVisualStudioVersion = 10.0.40219.1
Project("{FAE04EC0-301F-11D3-BF4B-00C04F79EFBC}") = "FunWithAsync", "FunWithAsync\FunWithAsync.csproj", "{21FDD7A7-563D-45AF-9F3C-0369CF92338D}"
EndProject
Global
	GlobalSection(SolutionConfigurationPlatforms) = preSolution
		Debug|Any CPU = Debug|Any CPU
		Release|Any CPU = Release|Any CPU
	EndGlobalSection
	GlobalSection(ProjectConfigurationPlatforms) = postSolution
		{21FDD7A7-563D-45AF-9F3C-0369CF92338D}.Debug|Any CPU.ActiveCfg = Debug|Any CPU
		{21FDD7A7-563D-45AF-9F3C-0369CF92338D}.Debug|Any CPU.Build.0 = Debug|Any CPU
		{21FDD7A7-563D-45AF-9F3C-0369CF92338D}.Release|Any CPU.ActiveCfg = Release|Any CPU
		{21FDD7A7-563D-45AF-9F3C-0369CF92338D}.Release|Any CPU.Build.0 = Release|Any CPU
	EndGlobalSection
	GlobalSection(SolutionProperties) = preSolution
		HideSolutionNode = FALSE
	EndGlobalSection
	GlobalSection(ExtensibilityGlobals) = postSolution
		SolutionGuid = {877F79DD-3576-4954-AA80-458E47C4F23E}
	EndGlobalSection
EndGlobal
